{
	"name": "cloudranger_control_tower",
	"version": "1.0.0",
	"lockfileVersion": 2,
	"requires": true,
	"packages": {
		"": {
			"name": "cloudranger_control_tower",
			"version": "1.0.0",
			"license": "ISC",
			"dependencies": {
				"cfn-custom-resource": "^5.0.14"
			}
		},
		"node_modules/cfn-custom-resource": {
			"version": "5.0.14",
			"resolved": "https://registry.npmjs.org/cfn-custom-resource/-/cfn-custom-resource-5.0.14.tgz",
			"integrity": "sha512-qcDCnmSfIpa68we3iKrs59gzviIMk+29UjrXZtS6+SmW7a43QgL3IzsOKykcsd8M9PBFtua/NsFbVrzSTTggoQ=="
		}
	},
	"dependencies": {
		"cfn-custom-resource": {
			"version": "5.0.14",
			"resolved": "https://registry.npmjs.org/cfn-custom-resource/-/cfn-custom-resource-5.0.14.tgz",
			"integrity": "sha512-qcDCnmSfIpa68we3iKrs59gzviIMk+29UjrXZtS6+SmW7a43QgL3IzsOKykcsd8M9PBFtua/NsFbVrzSTTggoQ=="
		}
	}
}
